<?xml version="1.0" encoding="utf-8"?>
<Project ToolsVersion="4.0" xmlns="http://schemas.microsoft.com/developer/msbuild/2003">
  <ItemGroup>
    <Filter Include="Source Files">
      <UniqueIdentifier>{70170b1c-9299-4a74-8c02-8b9e99437692}</UniqueIdentifier>
      <Extensions>cpp;c;cxx;rc;def;r;odl;idl;hpj;bat</Extensions>
    </Filter>
    <Filter Include="Source Files\windows">
      <UniqueIdentifier>{ec4d343c-d1fb-4768-bff6-f44c5153f924}</UniqueIdentifier>
    </Filter>
    <Filter Include="Source Files\windows\DirectMidi">
      <UniqueIdentifier>{480981dc-e839-4822-b88f-5839ecce7922}</UniqueIdentifier>
    </Filter>
    <Filter Include="Source Files\windows\DirectMidi\DSUtil">
      <UniqueIdentifier>{b37a9ab6-ebd5-477e-9900-573214d83b51}</UniqueIdentifier>
    </Filter>
    <Filter Include="Source Files\loaders">
      <UniqueIdentifier>{1b674e82-abf9-481f-80e8-f69aa45a2030}</UniqueIdentifier>
    </Filter>
    <Filter Include="Source Files\formats">
      <UniqueIdentifier>{2d2a5716-43c4-4bea-b563-30321360f468}</UniqueIdentifier>
    </Filter>
    <Filter Include="Source Files\formats\ps1">
      <UniqueIdentifier>{b1c43b7c-b813-46a5-ab90-b1e6ebfb25d3}</UniqueIdentifier>
    </Filter>
    <Filter Include="Source Files\formats\squareps2">
      <UniqueIdentifier>{cb3afc42-4d14-4bf4-badb-0f9f31b2b6d4}</UniqueIdentifier>
    </Filter>
    <Filter Include="Source Files\formats\akao">
      <UniqueIdentifier>{e1d03982-fb0c-4fc4-9e81-2a4a55693ade}</UniqueIdentifier>
    </Filter>
    <Filter Include="Source Files\formats\nds">
      <UniqueIdentifier>{c00d7237-1410-4999-8206-2f065282dff1}</UniqueIdentifier>
    </Filter>
    <Filter Include="Source Files\formats\fft">
      <UniqueIdentifier>{126f4594-01ff-430d-9f87-27be934abf8d}</UniqueIdentifier>
    </Filter>
    <Filter Include="Source Files\formats\org">
      <UniqueIdentifier>{950d042d-ff35-47bd-b6b3-8967de5bba3f}</UniqueIdentifier>
    </Filter>
    <Filter Include="Source Files\formats\ninsnes">
      <UniqueIdentifier>{cf0e9188-9cb1-4235-af08-d6d4bdfb0a3d}</UniqueIdentifier>
    </Filter>
    <Filter Include="Source Files\formats\segsat">
      <UniqueIdentifier>{c590e199-f0f2-4e70-8bba-7b78d8f8875b}</UniqueIdentifier>
    </Filter>
    <Filter Include="Source Files\formats\mp2k">
      <UniqueIdentifier>{d664eebe-6f6a-42ab-9f6f-4513cc4d09ca}</UniqueIdentifier>
    </Filter>
    <Filter Include="Source Files\formats\konami_gx">
      <UniqueIdentifier>{868718b9-8efd-4853-b199-89c0b1736205}</UniqueIdentifier>
    </Filter>
    <Filter Include="Source Files\formats\qsound">
      <UniqueIdentifier>{014bc5df-33d1-4d3a-81ef-954a7ee3aad6}</UniqueIdentifier>
    </Filter>
    <Filter Include="Source Files\formats\sonyps2">
      <UniqueIdentifier>{7321866f-0690-4182-8981-f7532001a37a}</UniqueIdentifier>
    </Filter>
    <Filter Include="Source Files\formats\hosa">
      <UniqueIdentifier>{e197a9f5-6722-43bb-9773-a4fb48322c44}</UniqueIdentifier>
    </Filter>
    <Filter Include="Source Files\formats\triaceps1">
      <UniqueIdentifier>{466440c9-1cd1-4c92-80f6-89d655444163}</UniqueIdentifier>
    </Filter>
    <Filter Include="Source Files\main">
      <UniqueIdentifier>{7be060d7-ec1c-4e18-8d94-9f6cf09ca528}</UniqueIdentifier>
    </Filter>
    <Filter Include="Header Files">
      <UniqueIdentifier>{da4a5c82-98b5-43c3-8322-c87b4a7696f3}</UniqueIdentifier>
      <Extensions>h;hpp;hxx;hm;inl</Extensions>
    </Filter>
    <Filter Include="Header Files\windows">
      <UniqueIdentifier>{8e3e2fe8-10b8-4788-a4cf-86320c645eb5}</UniqueIdentifier>
    </Filter>
    <Filter Include="Header Files\windows\DotNetTabsStuff">
      <UniqueIdentifier>{49ff3bdc-78fd-4cd1-9b42-c976848362b0}</UniqueIdentifier>
    </Filter>
    <Filter Include="Header Files\windows\DirectMidi">
      <UniqueIdentifier>{84d11875-af10-4df8-94d6-b81b4825e85f}</UniqueIdentifier>
    </Filter>
    <Filter Include="Header Files\windows\DirectMidi\DSUtil">
      <UniqueIdentifier>{78ba9aa8-5861-458d-bcca-608dd62477ca}</UniqueIdentifier>
    </Filter>
    <Filter Include="Header Files\formats">
      <UniqueIdentifier>{39dcaba5-0e2b-45f5-913b-53fd1101be55}</UniqueIdentifier>
    </Filter>
    <Filter Include="Header Files\formats\fft">
      <UniqueIdentifier>{0778256a-c79e-4509-9dda-84eaf0c314c5}</UniqueIdentifier>
    </Filter>
    <Filter Include="Header Files\formats\mp2k">
      <UniqueIdentifier>{3e8f0dc6-9479-4d1b-9774-8711d1fbec2e}</UniqueIdentifier>
    </Filter>
    <Filter Include="Header Files\formats\akao">
      <UniqueIdentifier>{cb7c365d-d9ec-41d7-870f-e8b593934e53}</UniqueIdentifier>
    </Filter>
    <Filter Include="Header Files\formats\squareps2">
      <UniqueIdentifier>{a123d618-a54e-495c-86ab-ce94b675f7b2}</UniqueIdentifier>
    </Filter>
    <Filter Include="Header Files\formats\nds">
      <UniqueIdentifier>{8198341d-2dd3-4c27-bbdf-f511e3879787}</UniqueIdentifier>
    </Filter>
    <Filter Include="Header Files\formats\ps1">
      <UniqueIdentifier>{07847e92-0b0f-46d0-ae4c-ed04748b9363}</UniqueIdentifier>
    </Filter>
    <Filter Include="Header Files\formats\org">
      <UniqueIdentifier>{44297d44-e21e-4125-9993-20427e6df4f5}</UniqueIdentifier>
    </Filter>
    <Filter Include="Header Files\formats\ninsnes">
      <UniqueIdentifier>{f97cdd52-a1a9-442e-8ef7-ed12c7b92ee0}</UniqueIdentifier>
    </Filter>
    <Filter Include="Header Files\formats\segsat">
      <UniqueIdentifier>{33ab6f4b-7e26-47ea-ae8c-6a78a152c5e9}</UniqueIdentifier>
    </Filter>
    <Filter Include="Header Files\formats\konami_gx">
      <UniqueIdentifier>{06f81b08-b4c8-4660-99bf-a05a1e255bf5}</UniqueIdentifier>
    </Filter>
    <Filter Include="Header Files\formats\qsound">
      <UniqueIdentifier>{b063fcf2-dc1f-4640-9274-d2b181487eb5}</UniqueIdentifier>
    </Filter>
    <Filter Include="Header Files\formats\sonyps2">
      <UniqueIdentifier>{2422dc80-61e7-4aed-9491-d8e7d61baa3e}</UniqueIdentifier>
    </Filter>
    <Filter Include="Header Files\formats\hosa">
      <UniqueIdentifier>{f3d9025d-d9dc-43ad-a830-726def28287c}</UniqueIdentifier>
    </Filter>
    <Filter Include="Header Files\formats\triaceps1">
      <UniqueIdentifier>{6c721201-680a-42ed-9c94-7f73092c30ff}</UniqueIdentifier>
    </Filter>
    <Filter Include="Header Files\main">
      <UniqueIdentifier>{1e84d3e3-f7a9-4506-82e8-0c02eee95717}</UniqueIdentifier>
    </Filter>
    <Filter Include="Header Files\loaders">
      <UniqueIdentifier>{60f1ce40-2852-4478-877a-07e372dbcffe}</UniqueIdentifier>
    </Filter>
    <Filter Include="Resource Files">
      <UniqueIdentifier>{52b2360e-bfe0-4323-b287-13e24cb9d9ef}</UniqueIdentifier>
      <Extensions>ico;cur;bmp;dlg;rc2;rct;bin;rgs;gif;jpg;jpeg;jpe</Extensions>
    </Filter>
    <Filter Include="Header Files\formats\raresnes">
      <UniqueIdentifier>{a3c3fec5-fbd0-4adf-8081-0fe9b40abbaa}</UniqueIdentifier>
    </Filter>
    <Filter Include="Source Files\formats\raresnes">
      <UniqueIdentifier>{5c5fa013-c6b0-4d7d-8112-cd60a82adf97}</UniqueIdentifier>
    </Filter>
    <Filter Include="Header Files\formats\heartbeatps1">
      <UniqueIdentifier>{1953315d-d70b-4e0c-90f0-2c5321a22ede}</UniqueIdentifier>
    </Filter>
    <Filter Include="Source Files\formats\heartbeatps1">
      <UniqueIdentifier>{869e1c42-6555-4c35-9559-dcdcb4774758}</UniqueIdentifier>
    </Filter>
    <Filter Include="Header Files\formats\capcomsnes">
      <UniqueIdentifier>{7d5f10e9-0198-4576-893c-3dd0d06ae015}</UniqueIdentifier>
    </Filter>
    <Filter Include="Source Files\formats\capcomsnes">
      <UniqueIdentifier>{f30ddbb1-0e1d-48ab-98c7-fdb6a47fb5f5}</UniqueIdentifier>
    </Filter>
    <Filter Include="Header Files\formats\konamisnes">
      <UniqueIdentifier>{f7c5b1d8-55b1-4e9b-a7ee-a6ea68a28fbb}</UniqueIdentifier>
    </Filter>
    <Filter Include="Source Files\formats\konamisnes">
      <UniqueIdentifier>{b2ea5e95-f02a-4a76-82f4-53e42f235fe8}</UniqueIdentifier>
    </Filter>
    <Filter Include="Header Files\formats\compilesnes">
      <UniqueIdentifier>{d4ac6a6c-aa64-41c0-884b-1a4b8aacf7c2}</UniqueIdentifier>
    </Filter>
    <Filter Include="Source Files\formats\compilesnes">
      <UniqueIdentifier>{80e1769e-4771-4a33-8f31-741f059d946f}</UniqueIdentifier>
    </Filter>
    <Filter Include="Source Files\formats\suzukisnes">
      <UniqueIdentifier>{417fba57-759c-4cd4-9c92-e9907956db05}</UniqueIdentifier>
    </Filter>
    <Filter Include="Header Files\formats\suzukisnes">
      <UniqueIdentifier>{478e1111-bacf-4097-a852-5a4c1618e59a}</UniqueIdentifier>
    </Filter>
    <Filter Include="Source Files\formats\akaosnes">
      <UniqueIdentifier>{0e0d2438-b9b2-4e58-9423-dae4aa1b9c5c}</UniqueIdentifier>
    </Filter>
    <Filter Include="Header Files\formats\akaosnes">
      <UniqueIdentifier>{4e1e5424-638c-46a5-83c4-578d5f7de01c}</UniqueIdentifier>
    </Filter>
    <Filter Include="Source Files\formats\hudsonsnes">
      <UniqueIdentifier>{f5161b19-9dd3-4017-acfe-e91472d7da81}</UniqueIdentifier>
    </Filter>
    <Filter Include="Header Files\formats\hudsonsnes">
      <UniqueIdentifier>{2204cdc0-76e7-4a98-925f-0a0903031fa5}</UniqueIdentifier>
    </Filter>
    <Filter Include="Header Files\formats\chunsnes">
      <UniqueIdentifier>{bfc3e9ee-51d8-4b4f-9e63-40a2576fcd56}</UniqueIdentifier>
    </Filter>
    <Filter Include="Source Files\formats\chunsnes">
      <UniqueIdentifier>{e147eed3-4cce-4b72-af5b-3a697dd34dd7}</UniqueIdentifier>
    </Filter>
    <Filter Include="Header Files\formats\heartbeatsnes">
      <UniqueIdentifier>{6794a5c8-d692-4ae4-9d39-84960bb21e6e}</UniqueIdentifier>
    </Filter>
    <Filter Include="Source Files\formats\heartbeatsnes">
      <UniqueIdentifier>{ff06dcd1-ce29-44fe-ac10-d1c0ef1eabcc}</UniqueIdentifier>
    </Filter>
    <Filter Include="Source Files\formats\graphressnes">
      <UniqueIdentifier>{ef9bddab-9aba-4982-bc9b-12793b6d62e0}</UniqueIdentifier>
    </Filter>
    <Filter Include="Header Files\formats\graphressnes">
      <UniqueIdentifier>{44572361-fb6e-4e28-a119-2c87ec9762db}</UniqueIdentifier>
    </Filter>
    <Filter Include="Header Files\formats\namcosnes">
      <UniqueIdentifier>{2c468926-a68f-42e7-b2a6-19d70fef56d9}</UniqueIdentifier>
    </Filter>
    <Filter Include="Source Files\formats\namcosnes">
      <UniqueIdentifier>{f5e10915-c213-495a-9e97-2ac1069f0fd6}</UniqueIdentifier>
    </Filter>
    <Filter Include="Header Files\formats\pandoraboxsnes">
      <UniqueIdentifier>{4654e78d-6ce2-448e-95b3-9eb746d13f3c}</UniqueIdentifier>
    </Filter>
    <Filter Include="Source Files\formats\pandoraboxsnes">
      <UniqueIdentifier>{edb6a92c-1c60-4b52-84ad-5150ac06cbb9}</UniqueIdentifier>
    </Filter>
    <Filter Include="Header Files\formats\softcreatsnes">
      <UniqueIdentifier>{df486a62-4f15-4926-a694-77b0a28660d0}</UniqueIdentifier>
    </Filter>
    <Filter Include="Source Files\formats\softcreatsnes">
      <UniqueIdentifier>{d7a56e05-c539-4af1-85df-444d83e61b49}</UniqueIdentifier>
    </Filter>
    <Filter Include="Header Files\formats\morisnes">
      <UniqueIdentifier>{9e29b9f5-21eb-4942-8695-d4706e3cd2a9}</UniqueIdentifier>
    </Filter>
    <Filter Include="Source Files\formats\morisnes">
      <UniqueIdentifier>{fcb61a35-8942-4644-8123-2bbbb267fc04}</UniqueIdentifier>
    </Filter>
    <Filter Include="Header Files\formats\neverlandsnes">
      <UniqueIdentifier>{696456e7-c1ec-412a-9b31-4c063313fd8d}</UniqueIdentifier>
    </Filter>
    <Filter Include="Source Files\formats\neverlandsnes">
      <UniqueIdentifier>{d5d93f14-1b60-404d-8cbe-9ad1dbdd0fe6}</UniqueIdentifier>
    </Filter>
    <Filter Include="Source Files\formats\prismsnes">
      <UniqueIdentifier>{d573af0f-2138-4232-9a7d-6f9f129b2009}</UniqueIdentifier>
    </Filter>
    <Filter Include="Header Files\formats\prismsnes">
      <UniqueIdentifier>{a9d44b18-73f2-40b1-98db-61a26dccb3fa}</UniqueIdentifier>
    </Filter>
    <Filter Include="Header Files\formats\tamsoftps1">
      <UniqueIdentifier>{bad6b958-9b57-4069-b651-2a76c826c93a}</UniqueIdentifier>
    </Filter>
    <Filter Include="Source Files\formats\tamsoftps1">
      <UniqueIdentifier>{1dad0218-02e2-4f15-b96d-241c77091932}</UniqueIdentifier>
    </Filter>
    <Filter Include="Source Files\windows\DxErr">
      <UniqueIdentifier>{f60aad48-6a14-4c0d-a400-60b77e9a16af}</UniqueIdentifier>
    </Filter>
    <Filter Include="Source Files\formats\falcomsnes">
      <UniqueIdentifier>{1d0be765-4a5d-42e0-98ec-1dc4722042a4}</UniqueIdentifier>
    </Filter>
    <Filter Include="Header Files\formats\falcomsnes">
      <UniqueIdentifier>{da100128-8159-4652-be41-16e738e2aea4}</UniqueIdentifier>
    </Filter>
    <Filter Include="Source Files\formats\konamips1">
      <UniqueIdentifier>{f01dfa68-eca7-4990-ad12-3374027fee94}</UniqueIdentifier>
    </Filter>
    <Filter Include="Header Files\formats\konamips1">
      <UniqueIdentifier>{38d11b15-8e84-4ce6-bf22-a9bf11c40fc5}</UniqueIdentifier>
    </Filter>
  </ItemGroup>
  <ItemGroup>
    <ClCompile Include="src\ui\windows\aboutdlg.cpp">
      <Filter>Source Files\windows</Filter>
    </ClCompile>
    <ClCompile Include="src\ui\windows\CollDialog.cpp">
      <Filter>Source Files\windows</Filter>
    </ClCompile>
    <ClCompile Include="src\ui\windows\FileFrame.CPP">
      <Filter>Source Files\windows</Filter>
    </ClCompile>
    <ClCompile Include="src\ui\windows\HexView.CPP">
      <Filter>Source Files\windows</Filter>
    </ClCompile>
    <ClCompile Include="src\ui\windows\mainfrm.cpp">
      <Filter>Source Files\windows</Filter>
    </ClCompile>
    <ClCompile Include="src\ui\windows\VGMFileListView.cpp">
      <Filter>Source Files\windows</Filter>
    </ClCompile>
    <ClCompile Include="src\ui\windows\VGMTrans.cpp">
      <Filter>Source Files\windows</Filter>
    </ClCompile>
    <ClCompile Include="src\ui\windows\directmidi\C3DBuffer.cpp">
      <Filter>Source Files\windows\DirectMidi</Filter>
    </ClCompile>
    <ClCompile Include="src\ui\windows\directmidi\C3DListener.cpp">
      <Filter>Source Files\windows\DirectMidi</Filter>
    </ClCompile>
    <ClCompile Include="src\ui\windows\directmidi\C3DSegment.cpp">
      <Filter>Source Files\windows\DirectMidi</Filter>
    </ClCompile>
    <ClCompile Include="src\ui\windows\directmidi\CAPathPerformance.cpp">
      <Filter>Source Files\windows\DirectMidi</Filter>
    </ClCompile>
    <ClCompile Include="src\ui\windows\directmidi\CAudioPath.cpp">
      <Filter>Source Files\windows\DirectMidi</Filter>
    </ClCompile>
    <ClCompile Include="src\ui\windows\directmidi\CCollection.cpp">
      <Filter>Source Files\windows\DirectMidi</Filter>
    </ClCompile>
    <ClCompile Include="src\ui\windows\directmidi\CDirectMusic.cpp">
      <Filter>Source Files\windows\DirectMidi</Filter>
    </ClCompile>
    <ClCompile Include="src\ui\windows\directmidi\CDLSLoader.cpp">
      <Filter>Source Files\windows\DirectMidi</Filter>
    </ClCompile>
    <ClCompile Include="src\ui\windows\directmidi\CDMusicException.cpp">
      <Filter>Source Files\windows\DirectMidi</Filter>
    </ClCompile>
    <ClCompile Include="src\ui\windows\directmidi\CInputPort.cpp">
      <Filter>Source Files\windows\DirectMidi</Filter>
    </ClCompile>
    <ClCompile Include="src\ui\windows\directmidi\CInstrument.cpp">
      <Filter>Source Files\windows\DirectMidi</Filter>
    </ClCompile>
    <ClCompile Include="src\ui\windows\directmidi\CMasterClock.cpp">
      <Filter>Source Files\windows\DirectMidi</Filter>
    </ClCompile>
    <ClCompile Include="src\ui\windows\directmidi\CMidiPort.cpp">
      <Filter>Source Files\windows\DirectMidi</Filter>
    </ClCompile>
    <ClCompile Include="src\ui\windows\directmidi\COutputPort.cpp">
      <Filter>Source Files\windows\DirectMidi</Filter>
    </ClCompile>
    <ClCompile Include="src\ui\windows\directmidi\CPerformance.cpp">
      <Filter>Source Files\windows\DirectMidi</Filter>
    </ClCompile>
    <ClCompile Include="src\ui\windows\directmidi\CPortPerformance.cpp">
      <Filter>Source Files\windows\DirectMidi</Filter>
    </ClCompile>
    <ClCompile Include="src\ui\windows\directmidi\CSampleInstrument.cpp">
      <Filter>Source Files\windows\DirectMidi</Filter>
    </ClCompile>
    <ClCompile Include="src\ui\windows\directmidi\CSegment.cpp">
      <Filter>Source Files\windows\DirectMidi</Filter>
    </ClCompile>
    <ClCompile Include="src\ui\windows\directmidi\Dmhelp.cpp">
      <Filter>Source Files\windows\DirectMidi</Filter>
    </ClCompile>
    <ClCompile Include="src\ui\windows\directmidi\DSUTIL\DSUTIL.CPP">
      <Filter>Source Files\windows\DirectMidi\DSUtil</Filter>
    </ClCompile>
    <ClCompile Include="src\ui\windows\directmidi\DSUTIL\DXUTIL.CPP">
      <Filter>Source Files\windows\DirectMidi\DSUtil</Filter>
    </ClCompile>
    <ClCompile Include="src\main\loaders\MAMELoader.cpp">
      <Filter>Source Files\loaders</Filter>
    </ClCompile>
    <ClCompile Include="src\main\loaders\PSF1Loader.cpp">
      <Filter>Source Files\loaders</Filter>
    </ClCompile>
    <ClCompile Include="src\main\loaders\PSF2Loader.cpp">
      <Filter>Source Files\loaders</Filter>
    </ClCompile>
    <ClCompile Include="src\main\loaders\SPCLoader.cpp">
      <Filter>Source Files\loaders</Filter>
    </ClCompile>
    <ClCompile Include="src\main\formats\PSXSPU.cpp">
      <Filter>Source Files\formats</Filter>
    </ClCompile>
    <ClCompile Include="src\main\formats\PS1Seq.cpp">
      <Filter>Source Files\formats\ps1</Filter>
    </ClCompile>
    <ClCompile Include="src\main\formats\PS1SeqScanner.cpp">
      <Filter>Source Files\formats\ps1</Filter>
    </ClCompile>
    <ClCompile Include="src\main\formats\Vab.cpp">
      <Filter>Source Files\formats\ps1</Filter>
    </ClCompile>
    <ClCompile Include="src\main\formats\SquarePS2Scanner.cpp">
      <Filter>Source Files\formats\squareps2</Filter>
    </ClCompile>
    <ClCompile Include="src\main\formats\SquarePS2Seq.cpp">
      <Filter>Source Files\formats\squareps2</Filter>
    </ClCompile>
    <ClCompile Include="src\main\formats\WD.cpp">
      <Filter>Source Files\formats\squareps2</Filter>
    </ClCompile>
    <ClCompile Include="src\main\formats\AkaoFormat.cpp">
      <Filter>Source Files\formats\akao</Filter>
    </ClCompile>
    <ClCompile Include="src\main\formats\AkaoInstr.cpp">
      <Filter>Source Files\formats\akao</Filter>
    </ClCompile>
    <ClCompile Include="src\main\formats\AkaoScanner.cpp">
      <Filter>Source Files\formats\akao</Filter>
    </ClCompile>
    <ClCompile Include="src\main\formats\AkaoSeq.cpp">
      <Filter>Source Files\formats\akao</Filter>
    </ClCompile>
    <ClCompile Include="src\main\formats\NDSInstrSet.cpp">
      <Filter>Source Files\formats\nds</Filter>
    </ClCompile>
    <ClCompile Include="src\main\formats\NDSScanner.cpp">
      <Filter>Source Files\formats\nds</Filter>
    </ClCompile>
    <ClCompile Include="src\main\formats\NDSSeq.cpp">
      <Filter>Source Files\formats\nds</Filter>
    </ClCompile>
    <ClCompile Include="src\main\formats\FFTInstr.cpp">
      <Filter>Source Files\formats\fft</Filter>
    </ClCompile>
    <ClCompile Include="src\main\formats\FFTScanner.cpp">
      <Filter>Source Files\formats\fft</Filter>
    </ClCompile>
    <ClCompile Include="src\main\formats\OrgScanner.cpp">
      <Filter>Source Files\formats\org</Filter>
    </ClCompile>
    <ClCompile Include="src\main\formats\OrgSeq.cpp">
      <Filter>Source Files\formats\org</Filter>
    </ClCompile>
    <ClCompile Include="src\main\formats\NinSnesScanner.cpp">
      <Filter>Source Files\formats\ninsnes</Filter>
    </ClCompile>
    <ClCompile Include="src\main\formats\NinSnesSeq.cpp">
      <Filter>Source Files\formats\ninsnes</Filter>
    </ClCompile>
    <ClCompile Include="src\main\formats\SegSatScanner.cpp">
      <Filter>Source Files\formats\segsat</Filter>
    </ClCompile>
    <ClCompile Include="src\main\formats\MP2kScanner.cpp">
      <Filter>Source Files\formats\mp2k</Filter>
    </ClCompile>
    <ClCompile Include="src\main\formats\KonamiGXScanner.cpp">
      <Filter>Source Files\formats\konami_gx</Filter>
    </ClCompile>
    <ClCompile Include="src\main\formats\KonamiGXSeq.cpp">
      <Filter>Source Files\formats\konami_gx</Filter>
    </ClCompile>
    <ClCompile Include="src\main\formats\QSoundInstr.cpp">
      <Filter>Source Files\formats\qsound</Filter>
    </ClCompile>
    <ClCompile Include="src\main\formats\QSoundScanner.cpp">
      <Filter>Source Files\formats\qsound</Filter>
    </ClCompile>
    <ClCompile Include="src\main\formats\QSoundSeq.cpp">
      <Filter>Source Files\formats\qsound</Filter>
    </ClCompile>
    <ClCompile Include="src\main\formats\SonyPS2InstrSet.cpp">
      <Filter>Source Files\formats\sonyps2</Filter>
    </ClCompile>
    <ClCompile Include="src\main\formats\SonyPS2Scanner.cpp">
      <Filter>Source Files\formats\sonyps2</Filter>
    </ClCompile>
    <ClCompile Include="src\main\formats\SonyPS2Seq.cpp">
      <Filter>Source Files\formats\sonyps2</Filter>
    </ClCompile>
    <ClCompile Include="src\main\formats\HOSAInstr.cpp">
      <Filter>Source Files\formats\hosa</Filter>
    </ClCompile>
    <ClCompile Include="src\main\formats\HOSAScanner.cpp">
      <Filter>Source Files\formats\hosa</Filter>
    </ClCompile>
    <ClCompile Include="src\main\formats\TriAcePS1InstrSet.cpp">
      <Filter>Source Files\formats\triaceps1</Filter>
    </ClCompile>
    <ClCompile Include="src\main\formats\TriAcePS1Scanner.cpp">
      <Filter>Source Files\formats\triaceps1</Filter>
    </ClCompile>
    <ClCompile Include="src\main\formats\TriAcePS1Seq.cpp">
      <Filter>Source Files\formats\triaceps1</Filter>
    </ClCompile>
    <ClCompile Include="src\main\common.cpp">
      <Filter>Source Files\main</Filter>
    </ClCompile>
    <ClCompile Include="src\main\DataSeg.cpp">
      <Filter>Source Files\main</Filter>
    </ClCompile>
    <ClCompile Include="src\main\DLSFile.cpp">
      <Filter>Source Files\main</Filter>
    </ClCompile>
    <ClCompile Include="src\main\ExtensionDiscriminator.cpp">
      <Filter>Source Files\main</Filter>
    </ClCompile>
    <ClCompile Include="src\main\Format.cpp">
      <Filter>Source Files\main</Filter>
    </ClCompile>
    <ClCompile Include="src\main\Loader.cpp">
      <Filter>Source Files\main</Filter>
    </ClCompile>
    <ClCompile Include="src\main\Matcher.cpp">
      <Filter>Source Files\main</Filter>
    </ClCompile>
    <ClCompile Include="src\main\MidiFile.cpp">
      <Filter>Source Files\main</Filter>
    </ClCompile>
    <ClCompile Include="src\main\RawFile.cpp">
      <Filter>Source Files\main</Filter>
    </ClCompile>
    <ClCompile Include="src\main\Root.cpp">
      <Filter>Source Files\main</Filter>
    </ClCompile>
    <ClCompile Include="src\main\ScaleConversion.cpp">
      <Filter>Source Files\main</Filter>
    </ClCompile>
    <ClCompile Include="src\main\Scanner.cpp">
      <Filter>Source Files\main</Filter>
    </ClCompile>
    <ClCompile Include="src\main\SeqEvent.cpp">
      <Filter>Source Files\main</Filter>
    </ClCompile>
    <ClCompile Include="src\main\SeqTrack.cpp">
      <Filter>Source Files\main</Filter>
    </ClCompile>
    <ClCompile Include="src\main\VGMColl.cpp">
      <Filter>Source Files\main</Filter>
    </ClCompile>
    <ClCompile Include="src\main\VGMFile.cpp">
      <Filter>Source Files\main</Filter>
    </ClCompile>
    <ClCompile Include="src\main\VGMInstrSet.cpp">
      <Filter>Source Files\main</Filter>
    </ClCompile>
    <ClCompile Include="src\main\VGMItem.cpp">
      <Filter>Source Files\main</Filter>
    </ClCompile>
    <ClCompile Include="src\main\VGMRgn.cpp">
      <Filter>Source Files\main</Filter>
    </ClCompile>
    <ClCompile Include="src\main\VGMSamp.cpp">
      <Filter>Source Files\main</Filter>
    </ClCompile>
    <ClCompile Include="src\main\VGMSampColl.cpp">
      <Filter>Source Files\main</Filter>
    </ClCompile>
    <ClCompile Include="src\main\VGMSeq.cpp">
      <Filter>Source Files\main</Filter>
    </ClCompile>
    <ClCompile Include="src\main\VGMSeqNoTrks.cpp">
      <Filter>Source Files\main</Filter>
    </ClCompile>
    <ClCompile Include="src\main\SF2File.cpp">
      <Filter>Source Files\main</Filter>
    </ClCompile>
    <ClCompile Include="src\main\RiffFile.cpp">
      <Filter>Source Files\main</Filter>
    </ClCompile>
    <ClCompile Include="src\main\SynthFile.cpp">
      <Filter>Source Files\main</Filter>
    </ClCompile>
    <ClCompile Include="src\main\VGMMiscFile.cpp">
      <Filter>Source Files\main</Filter>
    </ClCompile>
    <ClCompile Include="src\main\loaders\KabukiDecrypt.cpp">
      <Filter>Source Files\loaders</Filter>
    </ClCompile>
    <ClCompile Include="src\main\Options.cpp">
      <Filter>Source Files\main</Filter>
    </ClCompile>
    <ClCompile Include="src\main\BytePattern.cpp">
      <Filter>Source Files\main</Filter>
    </ClCompile>
    <ClCompile Include="src\main\formats\RareSnesSeq.cpp">
      <Filter>Source Files\formats\raresnes</Filter>
    </ClCompile>
    <ClCompile Include="src\main\formats\RareSnesScanner.cpp">
      <Filter>Source Files\formats\raresnes</Filter>
    </ClCompile>
    <ClCompile Include="src\main\LogItem.cpp">
      <Filter>Source Files\main</Filter>
    </ClCompile>
    <ClCompile Include="src\ui\windows\LogListView.cpp">
      <Filter>Source Files\windows</Filter>
    </ClCompile>
    <ClCompile Include="src\main\datetime.cpp">
      <Filter>Source Files\main</Filter>
    </ClCompile>
    <ClCompile Include="src\ui\windows\DragDropSource.cpp">
      <Filter>Source Files\windows</Filter>
    </ClCompile>
    <ClCompile Include="src\ui\windows\HexViewFrame.cpp">
      <Filter>Source Files\windows</Filter>
    </ClCompile>
    <ClCompile Include="src\ui\windows\ItemTreeView.cpp">
      <Filter>Source Files\windows</Filter>
    </ClCompile>
    <ClCompile Include="src\ui\windows\MediaThread.cpp">
      <Filter>Source Files\windows</Filter>
    </ClCompile>
    <ClCompile Include="src\ui\windows\MusicPlayer.cpp">
      <Filter>Source Files\windows</Filter>
    </ClCompile>
    <ClCompile Include="src\ui\windows\osdepend.cpp">
      <Filter>Source Files\windows</Filter>
    </ClCompile>
    <ClCompile Include="src\ui\windows\RawFileListView.cpp">
      <Filter>Source Files\windows</Filter>
    </ClCompile>
    <ClCompile Include="src\ui\windows\RawFileTreeView.cpp">
      <Filter>Source Files\windows</Filter>
    </ClCompile>
    <ClCompile Include="src\ui\windows\ScanDlg.cpp">
      <Filter>Source Files\windows</Filter>
    </ClCompile>
    <ClCompile Include="src\ui\windows\VGMCollListView.cpp">
      <Filter>Source Files\windows</Filter>
    </ClCompile>
    <ClCompile Include="src\ui\windows\WinVGMRoot.cpp">
      <Filter>Source Files\windows</Filter>
    </ClCompile>
    <ClCompile Include="src\main\PSFFile.cpp">
      <Filter>Source Files\main</Filter>
    </ClCompile>
    <ClCompile Include="src\main\loaders\GSFLoader.cpp">
      <Filter>Source Files\loaders</Filter>
    </ClCompile>
    <ClCompile Include="src\main\loaders\SNSFLoader.cpp">
      <Filter>Source Files\loaders</Filter>
    </ClCompile>
    <ClCompile Include="src\main\loaders\NDS2SFLoader.cpp">
      <Filter>Source Files\loaders</Filter>
    </ClCompile>
    <ClCompile Include="src\main\loaders\NCSFLoader.cpp">
      <Filter>Source Files\loaders</Filter>
    </ClCompile>
    <ClCompile Include="src\ui\windows\MyCoCreateInstance.cpp">
      <Filter>Source Files\windows</Filter>
    </ClCompile>
    <ClCompile Include="src\main\formats\SNESDSP.cpp">
      <Filter>Source Files\formats</Filter>
    </ClCompile>
    <ClCompile Include="src\main\formats\RareSnesInstr.cpp">
      <Filter>Source Files\formats\raresnes</Filter>
    </ClCompile>
    <ClCompile Include="src\main\formats\HeartBeatPS1Seq.cpp">
      <Filter>Source Files\formats\heartbeatps1</Filter>
    </ClCompile>
    <ClCompile Include="src\main\VGMTag.cpp">
      <Filter>Source Files\main</Filter>
    </ClCompile>
    <ClCompile Include="src\main\formats\CapcomSnesScanner.cpp">
      <Filter>Source Files\formats\capcomsnes</Filter>
    </ClCompile>
    <ClCompile Include="src\main\formats\CapcomSnesSeq.cpp">
      <Filter>Source Files\formats\capcomsnes</Filter>
    </ClCompile>
    <ClCompile Include="src\main\formats\CapcomSnesInstr.cpp">
      <Filter>Source Files\formats\capcomsnes</Filter>
    </ClCompile>
    <ClCompile Include="src\main\formats\NinSnesInstr.cpp">
      <Filter>Source Files\formats\ninsnes</Filter>
    </ClCompile>
    <ClCompile Include="src\main\formats\KonamiSnesScanner.cpp">
      <Filter>Source Files\formats\konamisnes</Filter>
    </ClCompile>
    <ClCompile Include="src\main\formats\KonamiSnesSeq.cpp">
      <Filter>Source Files\formats\konamisnes</Filter>
    </ClCompile>
    <ClCompile Include="src\main\formats\KonamiSnesInstr.cpp">
      <Filter>Source Files\formats\konamisnes</Filter>
    </ClCompile>
    <ClCompile Include="src\main\VGMMultiSectionSeq.cpp">
      <Filter>Source Files\main</Filter>
    </ClCompile>
    <ClCompile Include="src\main\VGMSeqSection.cpp">
      <Filter>Source Files\main</Filter>
    </ClCompile>
    <ClCompile Include="src\main\formats\CompileSnesScanner.cpp">
      <Filter>Source Files\formats\compilesnes</Filter>
    </ClCompile>
    <ClCompile Include="src\main\formats\CompileSnesSeq.cpp">
      <Filter>Source Files\formats\compilesnes</Filter>
    </ClCompile>
    <ClCompile Include="src\main\formats\SuzukiSnesSeq.cpp">
      <Filter>Source Files\formats\suzukisnes</Filter>
    </ClCompile>
    <ClCompile Include="src\main\formats\SuzukiSnesScanner.cpp">
      <Filter>Source Files\formats\suzukisnes</Filter>
    </ClCompile>
    <ClCompile Include="src\main\formats\AkaoSnesScanner.cpp">
      <Filter>Source Files\formats\akaosnes</Filter>
    </ClCompile>
    <ClCompile Include="src\main\formats\AkaoSnesSeq.cpp">
      <Filter>Source Files\formats\akaosnes</Filter>
    </ClCompile>
    <ClCompile Include="src\main\formats\HudsonSnesScanner.cpp">
      <Filter>Source Files\formats\hudsonsnes</Filter>
    </ClCompile>
    <ClCompile Include="src\main\formats\HudsonSnesSeq.cpp">
      <Filter>Source Files\formats\hudsonsnes</Filter>
    </ClCompile>
    <ClCompile Include="src\main\formats\AkaoSnesInstr.cpp">
      <Filter>Source Files\formats\akaosnes</Filter>
    </ClCompile>
    <ClCompile Include="src\main\formats\SuzukiSnesInstr.cpp">
      <Filter>Source Files\formats\suzukisnes</Filter>
    </ClCompile>
    <ClCompile Include="src\main\formats\CompileSnesInstr.cpp">
      <Filter>Source Files\formats\compilesnes</Filter>
    </ClCompile>
    <ClCompile Include="src\main\formats\HudsonSnesInstr.cpp">
      <Filter>Source Files\formats\hudsonsnes</Filter>
    </ClCompile>
    <ClCompile Include="src\main\formats\ChunSnesScanner.cpp">
      <Filter>Source Files\formats\chunsnes</Filter>
    </ClCompile>
    <ClCompile Include="src\main\formats\ChunSnesSeq.cpp">
      <Filter>Source Files\formats\chunsnes</Filter>
    </ClCompile>
    <ClCompile Include="src\main\formats\ChunSnesInstr.cpp">
      <Filter>Source Files\formats\chunsnes</Filter>
    </ClCompile>
    <ClCompile Include="src\main\formats\HeartBeatSnesSeq.cpp">
      <Filter>Source Files\formats\heartbeatsnes</Filter>
    </ClCompile>
    <ClCompile Include="src\main\formats\HeartBeatSnesScanner.cpp">
      <Filter>Source Files\formats\heartbeatsnes</Filter>
    </ClCompile>
    <ClCompile Include="src\main\formats\HeartBeatSnesInstr.cpp">
      <Filter>Source Files\formats\heartbeatsnes</Filter>
    </ClCompile>
    <ClCompile Include="src\main\formats\SegSatSeq.cpp">
      <Filter>Source Files\formats\segsat</Filter>
    </ClCompile>
    <ClCompile Include="src\main\formats\MP2kSeq.cpp">
      <Filter>Source Files\formats\mp2k</Filter>
    </ClCompile>
    <ClCompile Include="src\main\formats\HOSASeq.cpp">
      <Filter>Source Files\formats\hosa</Filter>
    </ClCompile>
    <ClCompile Include="src\main\formats\FFTSeq.cpp">
      <Filter>Source Files\formats\fft</Filter>
    </ClCompile>
    <ClCompile Include="src\main\formats\GraphResSnesScanner.cpp">
      <Filter>Source Files\formats\graphressnes</Filter>
    </ClCompile>
    <ClCompile Include="src\main\formats\GraphResSnesSeq.cpp">
      <Filter>Source Files\formats\graphressnes</Filter>
    </ClCompile>
    <ClCompile Include="src\main\formats\GraphResSnesInstr.cpp">
      <Filter>Source Files\formats\graphressnes</Filter>
    </ClCompile>
    <ClCompile Include="src\main\formats\NamcoSnesScanner.cpp">
      <Filter>Source Files\formats\namcosnes</Filter>
    </ClCompile>
    <ClCompile Include="src\main\formats\NamcoSnesSeq.cpp">
      <Filter>Source Files\formats\namcosnes</Filter>
    </ClCompile>
    <ClCompile Include="src\main\formats\PandoraBoxSnesScanner.cpp">
      <Filter>Source Files\formats\pandoraboxsnes</Filter>
    </ClCompile>
    <ClCompile Include="src\main\formats\PandoraBoxSnesSeq.cpp">
      <Filter>Source Files\formats\pandoraboxsnes</Filter>
    </ClCompile>
    <ClCompile Include="src\main\formats\SoftCreatSnesScanner.cpp">
      <Filter>Source Files\formats\softcreatsnes</Filter>
    </ClCompile>
    <ClCompile Include="src\main\formats\SoftCreatSnesSeq.cpp">
      <Filter>Source Files\formats\softcreatsnes</Filter>
    </ClCompile>
    <ClCompile Include="src\main\formats\PandoraBoxSnesInstr.cpp">
      <Filter>Source Files\formats\pandoraboxsnes</Filter>
    </ClCompile>
    <ClCompile Include="src\main\formats\MoriSnesInstr.cpp">
      <Filter>Source Files\formats\morisnes</Filter>
    </ClCompile>
    <ClCompile Include="src\main\formats\MoriSnesScanner.cpp">
      <Filter>Source Files\formats\morisnes</Filter>
    </ClCompile>
    <ClCompile Include="src\main\formats\MoriSnesSeq.cpp">
      <Filter>Source Files\formats\morisnes</Filter>
    </ClCompile>
    <ClCompile Include="src\main\formats\NeverlandSnesScanner.cpp">
      <Filter>Source Files\formats\neverlandsnes</Filter>
    </ClCompile>
    <ClCompile Include="src\main\formats\NeverlandSnesSeq.cpp">
      <Filter>Source Files\formats\neverlandsnes</Filter>
    </ClCompile>
    <ClCompile Include="src\main\formats\PrismSnesScanner.cpp">
      <Filter>Source Files\formats\prismsnes</Filter>
    </ClCompile>
    <ClCompile Include="src\main\formats\PrismSnesSeq.cpp">
      <Filter>Source Files\formats\prismsnes</Filter>
    </ClCompile>
    <ClCompile Include="src\main\formats\NamcoSnesInstr.cpp">
      <Filter>Source Files\formats\namcosnes</Filter>
    </ClCompile>
    <ClCompile Include="src\main\formats\PrismSnesInstr.cpp">
      <Filter>Source Files\formats\prismsnes</Filter>
    </ClCompile>
    <ClCompile Include="src\ui\windows\stdafx.cpp">
      <Filter>Source Files\windows</Filter>
    </ClCompile>
    <ClCompile Include="src\main\formats\HeartBeatPS1Scanner.cpp">
      <Filter>Source Files\formats\heartbeatps1</Filter>
    </ClCompile>
    <ClCompile Include="src\main\formats\TamSoftPS1Scanner.cpp">
      <Filter>Source Files\formats\tamsoftps1</Filter>
    </ClCompile>
    <ClCompile Include="src\main\formats\TamSoftPS1Seq.cpp">
      <Filter>Source Files\formats\tamsoftps1</Filter>
    </ClCompile>
    <ClCompile Include="src\main\formats\TamSoftPS1Instr.cpp">
      <Filter>Source Files\formats\tamsoftps1</Filter>
    </ClCompile>
    <ClCompile Include="src\main\SeqSlider.cpp">
      <Filter>Source Files\main</Filter>
    </ClCompile>
    <ClCompile Include="lib\dxAug07\dxerr\dxerr.cpp">
      <Filter>Source Files\windows\DxErr</Filter>
    </ClCompile>
    <ClCompile Include="src\main\formats\FalcomSnesInstr.cpp">
      <Filter>Source Files\formats\falcomsnes</Filter>
    </ClCompile>
    <ClCompile Include="src\main\formats\FalcomSnesScanner.cpp">
      <Filter>Source Files\formats\falcomsnes</Filter>
    </ClCompile>
    <ClCompile Include="src\main\formats\FalcomSnesSeq.cpp">
      <Filter>Source Files\formats\falcomsnes</Filter>
    </ClCompile>
    <ClCompile Include="src\main\formats\KonamiPS1Scanner.cpp">
      <Filter>Source Files\formats\konamips1</Filter>
    </ClCompile>
    <ClCompile Include="src\main\formats\KonamiPS1Seq.cpp">
      <Filter>Source Files\formats\konamips1</Filter>
    </ClCompile>
  </ItemGroup>
  <ItemGroup>
    <ClInclude Include="src\ui\windows\aboutdlg.h">
      <Filter>Header Files\windows</Filter>
    </ClInclude>
    <ClInclude Include="src\ui\windows\CollDialog.h">
      <Filter>Header Files\windows</Filter>
    </ClInclude>
    <ClInclude Include="src\ui\windows\DropFileHandler.h">
      <Filter>Header Files\windows</Filter>
    </ClInclude>
    <ClInclude Include="src\ui\windows\FileFrame.h">
      <Filter>Header Files\windows</Filter>
    </ClInclude>
    <ClInclude Include="src\ui\windows\HexView.h">
      <Filter>Header Files\windows</Filter>
    </ClInclude>
    <ClInclude Include="src\ui\windows\mainfrm.h">
      <Filter>Header Files\windows</Filter>
    </ClInclude>
    <ClInclude Include="src\ui\windows\RawFileTreeView.h">
      <Filter>Header Files\windows</Filter>
    </ClInclude>
    <ClInclude Include="src\ui\windows\resource.h">
      <Filter>Header Files\windows</Filter>
    </ClInclude>
    <ClInclude Include="src\ui\windows\include\TabbedMDISave.h">
      <Filter>Header Files\windows</Filter>
    </ClInclude>
    <ClInclude Include="src\ui\windows\VGMFileListView.h">
      <Filter>Header Files\windows</Filter>
    </ClInclude>
    <ClInclude Include="src\ui\windows\include\atlgdix.h">
      <Filter>Header Files\windows\DotNetTabsStuff</Filter>
    </ClInclude>
    <ClInclude Include="src\ui\windows\include\CustomTabCtrl.h">
      <Filter>Header Files\windows\DotNetTabsStuff</Filter>
    </ClInclude>
    <ClInclude Include="src\ui\windows\include\DotNetTabCtrl.h">
      <Filter>Header Files\windows\DotNetTabsStuff</Filter>
    </ClInclude>
    <ClInclude Include="src\ui\windows\include\ListViewNoFlicker.h">
      <Filter>Header Files\windows\DotNetTabsStuff</Filter>
    </ClInclude>
    <ClInclude Include="src\ui\windows\include\PlainTextView.h">
      <Filter>Header Files\windows\DotNetTabsStuff</Filter>
    </ClInclude>
    <ClInclude Include="src\ui\windows\include\TabbedDockingWindow.h">
      <Filter>Header Files\windows\DotNetTabsStuff</Filter>
    </ClInclude>
    <ClInclude Include="src\ui\windows\include\TabbedFrame.h">
      <Filter>Header Files\windows\DotNetTabsStuff</Filter>
    </ClInclude>
    <ClInclude Include="src\ui\windows\include\TabbedMDI.h">
      <Filter>Header Files\windows\DotNetTabsStuff</Filter>
    </ClInclude>
    <ClInclude Include="src\ui\windows\directmidi\CAudioPart.h">
      <Filter>Header Files\windows\DirectMidi</Filter>
    </ClInclude>
    <ClInclude Include="src\ui\windows\directmidi\CDirectBase.h">
      <Filter>Header Files\windows\DirectMidi</Filter>
    </ClInclude>
    <ClInclude Include="src\ui\windows\directmidi\CDirectMidi.h">
      <Filter>Header Files\windows\DirectMidi</Filter>
    </ClInclude>
    <ClInclude Include="src\ui\windows\directmidi\CMidipart.h">
      <Filter>Header Files\windows\DirectMidi</Filter>
    </ClInclude>
    <ClInclude Include="src\ui\windows\directmidi\DSUTIL\DSUTIL.H">
      <Filter>Header Files\windows\DirectMidi\DSUtil</Filter>
    </ClInclude>
    <ClInclude Include="src\ui\windows\directmidi\DSUTIL\DXUTIL.H">
      <Filter>Header Files\windows\DirectMidi\DSUtil</Filter>
    </ClInclude>
    <ClInclude Include="src\main\formats\PSXSPU.h">
      <Filter>Header Files\formats</Filter>
    </ClInclude>
    <ClInclude Include="src\main\formats\FFTFormat.h">
      <Filter>Header Files\formats\fft</Filter>
    </ClInclude>
    <ClInclude Include="src\main\formats\FFTInstr.h">
      <Filter>Header Files\formats\fft</Filter>
    </ClInclude>
    <ClInclude Include="src\main\formats\FFTScanner.h">
      <Filter>Header Files\formats\fft</Filter>
    </ClInclude>
    <ClInclude Include="src\main\formats\MP2kFormat.h">
      <Filter>Header Files\formats\mp2k</Filter>
    </ClInclude>
    <ClInclude Include="src\main\formats\MP2kScanner.h">
      <Filter>Header Files\formats\mp2k</Filter>
    </ClInclude>
    <ClInclude Include="src\main\formats\AkaoFormat.h">
      <Filter>Header Files\formats\akao</Filter>
    </ClInclude>
    <ClInclude Include="src\main\formats\AkaoInstr.h">
      <Filter>Header Files\formats\akao</Filter>
    </ClInclude>
    <ClInclude Include="src\main\formats\AkaoScanner.h">
      <Filter>Header Files\formats\akao</Filter>
    </ClInclude>
    <ClInclude Include="src\main\formats\AkaoSeq.h">
      <Filter>Header Files\formats\akao</Filter>
    </ClInclude>
    <ClInclude Include="src\main\formats\SquarePS2Format.h">
      <Filter>Header Files\formats\squareps2</Filter>
    </ClInclude>
    <ClInclude Include="src\main\formats\SquarePS2Scanner.h">
      <Filter>Header Files\formats\squareps2</Filter>
    </ClInclude>
    <ClInclude Include="src\main\formats\SquarePS2Seq.h">
      <Filter>Header Files\formats\squareps2</Filter>
    </ClInclude>
    <ClInclude Include="src\main\formats\WD.h">
      <Filter>Header Files\formats\squareps2</Filter>
    </ClInclude>
    <ClInclude Include="src\main\formats\NDSFormat.h">
      <Filter>Header Files\formats\nds</Filter>
    </ClInclude>
    <ClInclude Include="src\main\formats\NDSInstrSet.h">
      <Filter>Header Files\formats\nds</Filter>
    </ClInclude>
    <ClInclude Include="src\main\formats\NDSScanner.h">
      <Filter>Header Files\formats\nds</Filter>
    </ClInclude>
    <ClInclude Include="src\main\formats\NDSSeq.h">
      <Filter>Header Files\formats\nds</Filter>
    </ClInclude>
    <ClInclude Include="src\main\formats\PS1Format.h">
      <Filter>Header Files\formats\ps1</Filter>
    </ClInclude>
    <ClInclude Include="src\main\formats\PS1Seq.h">
      <Filter>Header Files\formats\ps1</Filter>
    </ClInclude>
    <ClInclude Include="src\main\formats\PS1SeqScanner.h">
      <Filter>Header Files\formats\ps1</Filter>
    </ClInclude>
    <ClInclude Include="src\main\formats\Vab.h">
      <Filter>Header Files\formats\ps1</Filter>
    </ClInclude>
    <ClInclude Include="src\main\formats\OrgScanner.h">
      <Filter>Header Files\formats\org</Filter>
    </ClInclude>
    <ClInclude Include="src\main\formats\OrgSeq.h">
      <Filter>Header Files\formats\org</Filter>
    </ClInclude>
    <ClInclude Include="src\main\formats\NinSnesFormat.h">
      <Filter>Header Files\formats\ninsnes</Filter>
    </ClInclude>
    <ClInclude Include="src\main\formats\NinSnesScanner.h">
      <Filter>Header Files\formats\ninsnes</Filter>
    </ClInclude>
    <ClInclude Include="src\main\formats\NinSnesSeq.h">
      <Filter>Header Files\formats\ninsnes</Filter>
    </ClInclude>
    <ClInclude Include="src\main\formats\SegSatScanner.h">
      <Filter>Header Files\formats\segsat</Filter>
    </ClInclude>
    <ClInclude Include="src\main\formats\KonamiGXFormat.h">
      <Filter>Header Files\formats\konami_gx</Filter>
    </ClInclude>
    <ClInclude Include="src\main\formats\KonamiGXScanner.h">
      <Filter>Header Files\formats\konami_gx</Filter>
    </ClInclude>
    <ClInclude Include="src\main\formats\KonamiGXSeq.h">
      <Filter>Header Files\formats\konami_gx</Filter>
    </ClInclude>
    <ClInclude Include="src\main\formats\QSoundFormat.h">
      <Filter>Header Files\formats\qsound</Filter>
    </ClInclude>
    <ClInclude Include="src\main\formats\QSoundInstr.h">
      <Filter>Header Files\formats\qsound</Filter>
    </ClInclude>
    <ClInclude Include="src\main\formats\QSoundScanner.h">
      <Filter>Header Files\formats\qsound</Filter>
    </ClInclude>
    <ClInclude Include="src\main\formats\QSoundSeq.h">
      <Filter>Header Files\formats\qsound</Filter>
    </ClInclude>
    <ClInclude Include="src\main\formats\SonyPS2Format.h">
      <Filter>Header Files\formats\sonyps2</Filter>
    </ClInclude>
    <ClInclude Include="src\main\formats\SonyPS2InstrSet.h">
      <Filter>Header Files\formats\sonyps2</Filter>
    </ClInclude>
    <ClInclude Include="src\main\formats\SonyPS2Scanner.h">
      <Filter>Header Files\formats\sonyps2</Filter>
    </ClInclude>
    <ClInclude Include="src\main\formats\SonyPS2Seq.h">
      <Filter>Header Files\formats\sonyps2</Filter>
    </ClInclude>
    <ClInclude Include="src\main\formats\HOSAFormat.h">
      <Filter>Header Files\formats\hosa</Filter>
    </ClInclude>
    <ClInclude Include="src\main\formats\HOSAInstr.h">
      <Filter>Header Files\formats\hosa</Filter>
    </ClInclude>
    <ClInclude Include="src\main\formats\HOSAScanner.h">
      <Filter>Header Files\formats\hosa</Filter>
    </ClInclude>
    <ClInclude Include="src\main\formats\TriAcePS1Format.h">
      <Filter>Header Files\formats\triaceps1</Filter>
    </ClInclude>
    <ClInclude Include="src\main\formats\TriAcePS1InstrSet.h">
      <Filter>Header Files\formats\triaceps1</Filter>
    </ClInclude>
    <ClInclude Include="src\main\formats\TriAcePS1Scanner.h">
      <Filter>Header Files\formats\triaceps1</Filter>
    </ClInclude>
    <ClInclude Include="src\main\formats\TriAcePS1Seq.h">
      <Filter>Header Files\formats\triaceps1</Filter>
    </ClInclude>
    <ClInclude Include="src\main\common.h">
      <Filter>Header Files\main</Filter>
    </ClInclude>
    <ClInclude Include="src\main\DataSeg.h">
      <Filter>Header Files\main</Filter>
    </ClInclude>
    <ClInclude Include="src\main\DLSFile.h">
      <Filter>Header Files\main</Filter>
    </ClInclude>
    <ClInclude Include="src\main\ExtensionDiscriminator.h">
      <Filter>Header Files\main</Filter>
    </ClInclude>
    <ClInclude Include="src\main\Format.h">
      <Filter>Header Files\main</Filter>
    </ClInclude>
    <ClInclude Include="src\main\helper.h">
      <Filter>Header Files\main</Filter>
    </ClInclude>
    <ClInclude Include="src\main\Loader.h">
      <Filter>Header Files\main</Filter>
    </ClInclude>
    <ClInclude Include="src\main\Loop.h">
      <Filter>Header Files\main</Filter>
    </ClInclude>
    <ClInclude Include="src\main\Matcher.h">
      <Filter>Header Files\main</Filter>
    </ClInclude>
    <ClInclude Include="src\main\Menu.h">
      <Filter>Header Files\main</Filter>
    </ClInclude>
    <ClInclude Include="src\main\MidiFile.h">
      <Filter>Header Files\main</Filter>
    </ClInclude>
    <ClInclude Include="src\main\RawFile.h">
      <Filter>Header Files\main</Filter>
    </ClInclude>
    <ClInclude Include="src\main\Root.h">
      <Filter>Header Files\main</Filter>
    </ClInclude>
    <ClInclude Include="src\main\ScaleConversion.h">
      <Filter>Header Files\main</Filter>
    </ClInclude>
    <ClInclude Include="src\main\Scanner.h">
      <Filter>Header Files\main</Filter>
    </ClInclude>
    <ClInclude Include="src\main\SeqEvent.h">
      <Filter>Header Files\main</Filter>
    </ClInclude>
    <ClInclude Include="src\main\SeqTrack.h">
      <Filter>Header Files\main</Filter>
    </ClInclude>
    <ClInclude Include="src\main\VGMColl.h">
      <Filter>Header Files\main</Filter>
    </ClInclude>
    <ClInclude Include="src\main\VGMFile.h">
      <Filter>Header Files\main</Filter>
    </ClInclude>
    <ClInclude Include="src\main\VGMInstrSet.h">
      <Filter>Header Files\main</Filter>
    </ClInclude>
    <ClInclude Include="src\main\VGMItem.h">
      <Filter>Header Files\main</Filter>
    </ClInclude>
    <ClInclude Include="src\main\VGMRgn.h">
      <Filter>Header Files\main</Filter>
    </ClInclude>
    <ClInclude Include="src\main\VGMSamp.h">
      <Filter>Header Files\main</Filter>
    </ClInclude>
    <ClInclude Include="src\main\VGMSampColl.h">
      <Filter>Header Files\main</Filter>
    </ClInclude>
    <ClInclude Include="src\main\VGMSeq.h">
      <Filter>Header Files\main</Filter>
    </ClInclude>
    <ClInclude Include="src\main\VGMSeqNoTrks.h">
      <Filter>Header Files\main</Filter>
    </ClInclude>
    <ClInclude Include="src\main\loaders\MAMELoader.h">
      <Filter>Header Files\loaders</Filter>
    </ClInclude>
    <ClInclude Include="src\main\loaders\PSF1Loader.h">
      <Filter>Header Files\loaders</Filter>
    </ClInclude>
    <ClInclude Include="src\main\loaders\PSF2Loader.h">
      <Filter>Header Files\loaders</Filter>
    </ClInclude>
    <ClInclude Include="src\main\loaders\SPCLoader.h">
      <Filter>Header Files\loaders</Filter>
    </ClInclude>
    <ClInclude Include="src\main\SF2File.h">
      <Filter>Header Files\main</Filter>
    </ClInclude>
    <ClInclude Include="src\main\RIFFFile.h">
      <Filter>Header Files\main</Filter>
    </ClInclude>
    <ClInclude Include="src\main\SynthFile.h">
      <Filter>Header Files\main</Filter>
    </ClInclude>
    <ClInclude Include="src\main\VGMMiscFile.h">
      <Filter>Header Files\main</Filter>
    </ClInclude>
    <ClInclude Include="src\main\loaders\KabukiDecrypt.h">
      <Filter>Header Files\loaders</Filter>
    </ClInclude>
    <ClInclude Include="src\main\Options.h">
      <Filter>Header Files\main</Filter>
    </ClInclude>
    <ClInclude Include="src\main\BytePattern.h">
      <Filter>Header Files\main</Filter>
    </ClInclude>
    <ClInclude Include="src\main\formats\RareSnesSeq.h">
      <Filter>Header Files\formats\raresnes</Filter>
    </ClInclude>
    <ClInclude Include="src\main\formats\RareSnesFormat.h">
      <Filter>Header Files\formats\raresnes</Filter>
    </ClInclude>
    <ClInclude Include="src\main\formats\RareSnesScanner.h">
      <Filter>Header Files\formats\raresnes</Filter>
    </ClInclude>
    <ClInclude Include="src\main\formats\OrgFormat.h">
      <Filter>Header Files\formats\org</Filter>
    </ClInclude>
    <ClInclude Include="src\main\formats\SegSatFormat.h">
      <Filter>Header Files\formats\segsat</Filter>
    </ClInclude>
    <ClInclude Include="src\main\LogItem.h">
      <Filter>Header Files\main</Filter>
    </ClInclude>
    <ClInclude Include="src\ui\windows\LogListView.h">
      <Filter>Header Files\windows</Filter>
    </ClInclude>
    <ClInclude Include="src\main\datetime.h">
      <Filter>Header Files\main</Filter>
    </ClInclude>
    <ClInclude Include="src\ui\windows\BmpBtn.h">
      <Filter>Header Files\windows</Filter>
    </ClInclude>
    <ClInclude Include="src\ui\windows\DragDropSource.h">
      <Filter>Header Files\windows</Filter>
    </ClInclude>
    <ClInclude Include="src\ui\windows\HexViewFrame.h">
      <Filter>Header Files\windows</Filter>
    </ClInclude>
    <ClInclude Include="src\ui\windows\ItemTreeView.h">
      <Filter>Header Files\windows</Filter>
    </ClInclude>
    <ClInclude Include="src\ui\windows\MediaThread.h">
      <Filter>Header Files\windows</Filter>
    </ClInclude>
    <ClInclude Include="src\ui\windows\MusicPlayer.h">
      <Filter>Header Files\windows</Filter>
    </ClInclude>
    <ClInclude Include="src\ui\windows\MySplitter.h">
      <Filter>Header Files\windows</Filter>
    </ClInclude>
    <ClInclude Include="src\ui\windows\RawFileListView.h">
      <Filter>Header Files\windows</Filter>
    </ClInclude>
    <ClInclude Include="src\ui\windows\ScanDlg.h">
      <Filter>Header Files\windows</Filter>
    </ClInclude>
    <ClInclude Include="src\ui\windows\VGMCollListView.h">
      <Filter>Header Files\windows</Filter>
    </ClInclude>
    <ClInclude Include="src\ui\windows\VGMTransTabCtrl.h">
      <Filter>Header Files\windows</Filter>
    </ClInclude>
    <ClInclude Include="src\ui\windows\VGMTransWindow.h">
      <Filter>Header Files\windows</Filter>
    </ClInclude>
    <ClInclude Include="src\ui\windows\WinVGMRoot.h">
      <Filter>Header Files\windows</Filter>
    </ClInclude>
    <ClInclude Include="src\main\PSFFile.h">
      <Filter>Header Files\main</Filter>
    </ClInclude>
    <ClInclude Include="src\main\loaders\GSFLoader.h">
      <Filter>Header Files\loaders</Filter>
    </ClInclude>
    <ClInclude Include="src\main\loaders\SNSFLoader.h">
      <Filter>Header Files\loaders</Filter>
    </ClInclude>
    <ClInclude Include="src\main\loaders\NDS2SFLoader.h">
      <Filter>Header Files\loaders</Filter>
    </ClInclude>
    <ClInclude Include="src\main\loaders\NCSFLoader.h">
      <Filter>Header Files\loaders</Filter>
    </ClInclude>
    <ClInclude Include="src\ui\windows\MyCoCreateInstance.h">
      <Filter>Header Files\windows</Filter>
    </ClInclude>
    <ClInclude Include="src\main\formats\SNESDSP.h">
      <Filter>Header Files\formats</Filter>
    </ClInclude>
    <ClInclude Include="src\main\formats\RareSnesInstr.h">
      <Filter>Header Files\formats\raresnes</Filter>
    </ClInclude>
    <ClInclude Include="src\main\formats\HeartBeatPS1Seq.h">
      <Filter>Header Files\formats\heartbeatps1</Filter>
    </ClInclude>
    <ClInclude Include="src\main\VGMTag.h">
      <Filter>Header Files\main</Filter>
    </ClInclude>
    <ClInclude Include="src\main\formats\CapcomSnesFormat.h">
      <Filter>Header Files\formats\capcomsnes</Filter>
    </ClInclude>
    <ClInclude Include="src\main\formats\CapcomSnesScanner.h">
      <Filter>Header Files\formats\capcomsnes</Filter>
    </ClInclude>
    <ClInclude Include="src\main\formats\CapcomSnesSeq.h">
      <Filter>Header Files\formats\capcomsnes</Filter>
    </ClInclude>
    <ClInclude Include="src\main\formats\CapcomSnesInstr.h">
      <Filter>Header Files\formats\capcomsnes</Filter>
    </ClInclude>
    <ClInclude Include="src\main\formats\NinSnesInstr.h">
      <Filter>Header Files\formats\ninsnes</Filter>
    </ClInclude>
    <ClInclude Include="src\main\formats\KonamiSnesFormat.h">
      <Filter>Header Files\formats\konamisnes</Filter>
    </ClInclude>
    <ClInclude Include="src\main\formats\KonamiSnesScanner.h">
      <Filter>Header Files\formats\konamisnes</Filter>
    </ClInclude>
    <ClInclude Include="src\main\formats\KonamiSnesSeq.h">
      <Filter>Header Files\formats\konamisnes</Filter>
    </ClInclude>
    <ClInclude Include="src\main\formats\KonamiSnesInstr.h">
      <Filter>Header Files\formats\konamisnes</Filter>
    </ClInclude>
    <ClInclude Include="src\main\VGMMultiSectionSeq.h">
      <Filter>Header Files\main</Filter>
    </ClInclude>
    <ClInclude Include="src\main\VGMSeqSection.h">
      <Filter>Header Files\main</Filter>
    </ClInclude>
    <ClInclude Include="src\main\formats\CompileSnesScanner.h">
      <Filter>Header Files\formats\compilesnes</Filter>
    </ClInclude>
    <ClInclude Include="src\main\formats\CompileSnesSeq.h">
      <Filter>Header Files\formats\compilesnes</Filter>
    </ClInclude>
    <ClInclude Include="src\main\formats\CompileSnesFormat.h">
      <Filter>Header Files\formats\compilesnes</Filter>
    </ClInclude>
    <ClInclude Include="src\main\formats\SuzukiSnesFormat.h">
      <Filter>Header Files\formats\suzukisnes</Filter>
    </ClInclude>
    <ClInclude Include="src\main\formats\SuzukiSnesScanner.h">
      <Filter>Header Files\formats\suzukisnes</Filter>
    </ClInclude>
    <ClInclude Include="src\main\formats\SuzukiSnesSeq.h">
      <Filter>Header Files\formats\suzukisnes</Filter>
    </ClInclude>
    <ClInclude Include="src\main\formats\AkaoSnesFormat.h">
      <Filter>Header Files\formats\akaosnes</Filter>
    </ClInclude>
    <ClInclude Include="src\main\formats\AkaoSnesScanner.h">
      <Filter>Header Files\formats\akaosnes</Filter>
    </ClInclude>
    <ClInclude Include="src\main\formats\AkaoSnesSeq.h">
      <Filter>Header Files\formats\akaosnes</Filter>
    </ClInclude>
    <ClInclude Include="src\main\formats\HudsonSnesFormat.h">
      <Filter>Header Files\formats\hudsonsnes</Filter>
    </ClInclude>
    <ClInclude Include="src\main\formats\HudsonSnesScanner.h">
      <Filter>Header Files\formats\hudsonsnes</Filter>
    </ClInclude>
    <ClInclude Include="src\main\formats\HudsonSnesSeq.h">
      <Filter>Header Files\formats\hudsonsnes</Filter>
    </ClInclude>
    <ClInclude Include="src\main\formats\AkaoSnesInstr.h">
      <Filter>Header Files\formats\akaosnes</Filter>
    </ClInclude>
    <ClInclude Include="src\main\formats\SuzukiSnesInstr.h">
      <Filter>Header Files\formats\suzukisnes</Filter>
    </ClInclude>
    <ClInclude Include="src\main\formats\CompileSnesInstr.h">
      <Filter>Header Files\formats\compilesnes</Filter>
    </ClInclude>
    <ClInclude Include="src\main\formats\HudsonSnesInstr.h">
      <Filter>Header Files\formats\hudsonsnes</Filter>
    </ClInclude>
    <ClInclude Include="src\main\formats\ChunSnesFormat.h">
      <Filter>Header Files\formats\chunsnes</Filter>
    </ClInclude>
    <ClInclude Include="src\main\formats\ChunSnesScanner.h">
      <Filter>Header Files\formats\chunsnes</Filter>
    </ClInclude>
    <ClInclude Include="src\main\formats\ChunSnesSeq.h">
      <Filter>Header Files\formats\chunsnes</Filter>
    </ClInclude>
    <ClInclude Include="src\main\formats\ChunSnesInstr.h">
      <Filter>Header Files\formats\chunsnes</Filter>
    </ClInclude>
    <ClInclude Include="src\main\formats\HeartBeatSnesFormat.h">
      <Filter>Header Files\formats\heartbeatsnes</Filter>
    </ClInclude>
    <ClInclude Include="src\main\formats\HeartBeatSnesScanner.h">
      <Filter>Header Files\formats\heartbeatsnes</Filter>
    </ClInclude>
    <ClInclude Include="src\main\formats\HeartBeatSnesSeq.h">
      <Filter>Header Files\formats\heartbeatsnes</Filter>
    </ClInclude>
    <ClInclude Include="src\main\formats\HeartBeatSnesInstr.h">
      <Filter>Header Files\formats\heartbeatsnes</Filter>
    </ClInclude>
    <ClInclude Include="src\main\formats\SegSatSeq.h">
      <Filter>Header Files\formats\segsat</Filter>
    </ClInclude>
    <ClInclude Include="src\main\formats\MP2kSeq.h">
      <Filter>Header Files\formats\mp2k</Filter>
    </ClInclude>
    <ClInclude Include="src\main\formats\HOSASeq.h">
      <Filter>Header Files\formats\hosa</Filter>
    </ClInclude>
    <ClInclude Include="src\main\formats\FFTSeq.h">
      <Filter>Header Files\formats\fft</Filter>
    </ClInclude>
    <ClInclude Include="src\main\formats\GraphResSnesFormat.h">
      <Filter>Header Files\formats\graphressnes</Filter>
    </ClInclude>
    <ClInclude Include="src\main\formats\GraphResSnesScanner.h">
      <Filter>Header Files\formats\graphressnes</Filter>
    </ClInclude>
    <ClInclude Include="src\main\formats\GraphResSnesSeq.h">
      <Filter>Header Files\formats\graphressnes</Filter>
    </ClInclude>
    <ClInclude Include="src\main\formats\GraphResSnesInstr.h">
      <Filter>Header Files\formats\graphressnes</Filter>
    </ClInclude>
    <ClInclude Include="src\main\formats\NamcoSnesFormat.h">
      <Filter>Header Files\formats\namcosnes</Filter>
    </ClInclude>
    <ClInclude Include="src\main\formats\NamcoSnesScanner.h">
      <Filter>Header Files\formats\namcosnes</Filter>
    </ClInclude>
    <ClInclude Include="src\main\formats\NamcoSnesSeq.h">
      <Filter>Header Files\formats\namcosnes</Filter>
    </ClInclude>
    <ClInclude Include="src\main\formats\PandoraBoxSnesFormat.h">
      <Filter>Header Files\formats\pandoraboxsnes</Filter>
    </ClInclude>
    <ClInclude Include="src\main\formats\PandoraBoxSnesScanner.h">
      <Filter>Header Files\formats\pandoraboxsnes</Filter>
    </ClInclude>
    <ClInclude Include="src\main\formats\PandoraBoxSnesSeq.h">
      <Filter>Header Files\formats\pandoraboxsnes</Filter>
    </ClInclude>
    <ClInclude Include="src\main\formats\SoftCreatSnesFormat.h">
      <Filter>Header Files\formats\softcreatsnes</Filter>
    </ClInclude>
    <ClInclude Include="src\main\formats\SoftCreatSnesScanner.h">
      <Filter>Header Files\formats\softcreatsnes</Filter>
    </ClInclude>
    <ClInclude Include="src\main\formats\SoftCreatSnesSeq.h">
      <Filter>Header Files\formats\softcreatsnes</Filter>
    </ClInclude>
    <ClInclude Include="src\main\formats\PandoraBoxSnesInstr.h">
      <Filter>Header Files\formats\pandoraboxsnes</Filter>
    </ClInclude>
    <ClInclude Include="src\main\formats\MoriSnesFormat.h">
      <Filter>Header Files\formats\morisnes</Filter>
    </ClInclude>
    <ClInclude Include="src\main\formats\MoriSnesInstr.h">
      <Filter>Header Files\formats\morisnes</Filter>
    </ClInclude>
    <ClInclude Include="src\main\formats\MoriSnesScanner.h">
      <Filter>Header Files\formats\morisnes</Filter>
    </ClInclude>
    <ClInclude Include="src\main\formats\MoriSnesSeq.h">
      <Filter>Header Files\formats\morisnes</Filter>
    </ClInclude>
    <ClInclude Include="src\main\formats\NeverlandSnesFormat.h">
      <Filter>Header Files\formats\neverlandsnes</Filter>
    </ClInclude>
    <ClInclude Include="src\main\formats\NeverlandSnesScanner.h">
      <Filter>Header Files\formats\neverlandsnes</Filter>
    </ClInclude>
    <ClInclude Include="src\main\formats\NeverlandSnesSeq.h">
      <Filter>Header Files\formats\neverlandsnes</Filter>
    </ClInclude>
    <ClInclude Include="src\main\formats\PrismSnesFormat.h">
      <Filter>Header Files\formats\prismsnes</Filter>
    </ClInclude>
    <ClInclude Include="src\main\formats\PrismSnesScanner.h">
      <Filter>Header Files\formats\prismsnes</Filter>
    </ClInclude>
    <ClInclude Include="src\main\formats\PrismSnesSeq.h">
      <Filter>Header Files\formats\prismsnes</Filter>
    </ClInclude>
    <ClInclude Include="src\main\formats\NamcoSnesInstr.h">
      <Filter>Header Files\formats\namcosnes</Filter>
    </ClInclude>
    <ClInclude Include="src\main\formats\PrismSnesInstr.h">
      <Filter>Header Files\formats\prismsnes</Filter>
    </ClInclude>
    <ClInclude Include="src\ui\windows\stdafx.h">
      <Filter>Header Files\windows</Filter>
    </ClInclude>
    <ClInclude Include="src\main\pch.h">
      <Filter>Header Files\main</Filter>
    </ClInclude>
    <ClInclude Include="src\main\formats\HeartBeatPS1Scanner.h">
      <Filter>Header Files\formats\heartbeatps1</Filter>
    </ClInclude>
    <ClInclude Include="src\main\formats\TamSoftPS1Format.h">
      <Filter>Header Files\formats\tamsoftps1</Filter>
    </ClInclude>
    <ClInclude Include="src\main\formats\TamSoftPS1Scanner.h">
      <Filter>Header Files\formats\tamsoftps1</Filter>
    </ClInclude>
    <ClInclude Include="src\main\formats\TamSoftPS1Seq.h">
      <Filter>Header Files\formats\tamsoftps1</Filter>
    </ClInclude>
    <ClInclude Include="src\main\formats\TamSoftPS1Instr.h">
      <Filter>Header Files\formats\tamsoftps1</Filter>
    </ClInclude>
    <ClInclude Include="src\main\SeqSlider.h">
      <Filter>Header Files\main</Filter>
    </ClInclude>
    <ClInclude Include="src\portable.h">
      <Filter>Header Files</Filter>
    </ClInclude>
    <ClInclude Include="src\src\ui\windows\osdepend.h">
      <Filter>Header Files</Filter>
    </ClInclude>
    <ClInclude Include="src\main\formats\FalcomSnesSeq.h">
      <Filter>Header Files\formats\falcomsnes</Filter>
    </ClInclude>
    <ClInclude Include="src\main\formats\FalcomSnesScanner.h">
      <Filter>Header Files\formats\falcomsnes</Filter>
    </ClInclude>
    <ClInclude Include="src\main\formats\FalcomSnesInstr.h">
      <Filter>Header Files\formats\falcomsnes</Filter>
    </ClInclude>
    <ClInclude Include="src\main\formats\FalcomSnesFormat.h">
      <Filter>Header Files\formats\falcomsnes</Filter>
    </ClInclude>
    <ClInclude Include="src\main\formats\KonamiPS1Format.h">
      <Filter>Header Files\formats\konamips1</Filter>
    </ClInclude>
    <ClInclude Include="src\main\formats\KonamiPS1Scanner.h">
      <Filter>Header Files\formats\konamips1</Filter>
    </ClInclude>
    <ClInclude Include="src\main\formats\KonamiPS1Seq.h">
      <Filter>Header Files\formats\konamips1</Filter>
    </ClInclude>
    <ClInclude Include="src\main\formats\AkaoFormatVersion.h">
      <Filter>Header Files\formats\akao</Filter>
    </ClInclude>
  </ItemGroup>
  <ItemGroup>
    <None Include="src\ui\windows\res\addcoll.ico">
      <Filter>Resource Files</Filter>
    </None>
    <None Include="src\ui\windows\res\mainframe.ico">
      <Filter>Resource Files</Filter>
    </None>
    <None Include="src\ui\windows\res\control.ico">
      <Filter>Resource Files</Filter>
    </None>
    <None Include="src\ui\windows\res\startrep.ico">
      <Filter>Resource Files</Filter>
    </None>
    <None Include="src\ui\windows\res\endrep.ico">
      <Filter>Resource Files</Filter>
    </None>
    <None Include="src\ui\windows\res\timesig.ico">
      <Filter>Resource Files</Filter>
    </None>
    <None Include="src\ui\windows\res\progchange.ico">
      <Filter>Resource Files</Filter>
    </None>
    <None Include="src\ui\windows\res\trackend.ico">
      <Filter>Resource Files</Filter>
    </None>
    <None Include="src\ui\windows\res\fileframe.ico">
      <Filter>Resource Files</Filter>
    </None>
    <None Include="src\ui\windows\res\folder_open.ico">
      <Filter>Resource Files</Filter>
    </None>
    <None Include="src\ui\windows\res\unknown.ico">
      <Filter>Resource Files</Filter>
    </None>
    <None Include="src\ui\windows\res\default.ico">
      <Filter>Resource Files</Filter>
    </None>
    <None Include="src\ui\windows\res\binary.ico">
      <Filter>Resource Files</Filter>
    </None>
    <None Include="src\ui\windows\res\instr.ico">
      <Filter>Resource Files</Filter>
    </None>
    <None Include="src\ui\windows\res\metroleft.ico">
      <Filter>Resource Files</Filter>
    </None>
    <None Include="src\ui\windows\res\metroright.ico">
      <Filter>Resource Files</Filter>
    </None>
    <None Include="src\ui\windows\res\TabIcons.bmp">
      <Filter>Resource Files</Filter>
    </None>
    <None Include="src\ui\windows\res\coll.ico">
      <Filter>Resource Files</Filter>
    </None>
    <None Include="src\ui\windows\res\note.ico">
      <Filter>Resource Files</Filter>
    </None>
    <None Include="src\ui\windows\res\instrset.ico">
      <Filter>Resource Files</Filter>
    </None>
    <None Include="src\ui\windows\res\rawfile.ico">
      <Filter>Resource Files</Filter>
    </None>
    <None Include="src\ui\windows\res\rest.ico">
      <Filter>Resource Files</Filter>
    </None>
    <None Include="src\ui\windows\res\seq.ico">
      <Filter>Resource Files</Filter>
    </None>
    <None Include="src\ui\windows\res\Toolbar.bmp">
      <Filter>Resource Files</Filter>
    </None>
    <None Include="src\ui\windows\res\track.ico">
      <Filter>Resource Files</Filter>
    </None>
    <None Include="src\ui\windows\res\samp.ico">
      <Filter>Resource Files</Filter>
    </None>
    <None Include="src\ui\windows\res\sampcoll.ico">
      <Filter>Resource Files</Filter>
    </None>
    <None Include="src\ui\windows\res\VGMTrans.ico">
      <Filter>Resource Files</Filter>
    </None>
  </ItemGroup>
  <ItemGroup>
    <ResourceCompile Include="src\ui\windows\VGMTrans.rc">
      <Filter>Resource Files</Filter>
    </ResourceCompile>
  </ItemGroup>
  <ItemGroup>
    <Manifest Include="src\ui\windows\res\VGMTrans.exe.manifest">
      <Filter>Resource Files</Filter>
    </Manifest>
  </ItemGroup>
</Project>