<?xml version="1.0" encoding="UTF-8"?>
<Scheme
   version = "1.3">
   <BuildAction>
      <BuildActionEntries>
         <BuildActionEntry
            buildForRunning = "YES">
            <BuildableReference
               BuildableIdentifier = "primary"
               BlueprintIdentifier = "3B112A621411B9EB79CC19FB"
               BuildableName = "VGMTrans.app"
               BlueprintName = "VGMTrans"
               ReferencedContainer = "container:VGMTrans.xcodeproj">
            </BuildableReference>
         </BuildActionEntry>
      </BuildActionEntries>
   </BuildAction>
   <LaunchAction
      useCustomWorkingDirectory = "NO"
      buildConfiguration = "Debug">
      <BuildableProductRunnable>
         <BuildableReference
            BuildableIdentifier = "primary"
            BlueprintIdentifier = "3B112A621411B9EB79CC19FB"
            BuildableName = "VGMTrans.app"
            BlueprintName = "VGMTrans"
            ReferencedContainer = "container:VGMTrans.xcodeproj">
         </BuildableReference>
      </BuildableProductRunnable>
   </LaunchAction>
</Scheme>
